
Microsoft Visual Studio Solution File, Format Version 12.00
# Visual Studio Version 17
VisualStudioVersion = 17.10.35013.160
MinimumVisualStudioVersion = 10.0.40219.1
Project("{FAE04EC0-301F-11D3-BF4B-00C04F79EFBC}") = "Ejercicio_1", "Ejercicio_1\Ejercicio_1.csproj", "{E49763D1-165A-4760-87C9-B13E0C576B93}"
EndProject
Project("{FAE04EC0-301F-11D3-BF4B-00C04F79EFBC}") = "Ejercicio_1_v2", "Ejercicio_1_v2\Ejercicio_1_v2.csproj", "{934A8A7E-A25C-436C-A326-62F3EF1D9313}"
EndProject
Project("{FAE04EC0-301F-11D3-BF4B-00C04F79EFBC}") = "Ejercicio_2", "Ejercicio_2\Ejercicio_2.csproj", "{DA4F1AC0-F0AE-496C-BCE9-29D0C4201E95}"
EndProject
Project("{FAE04EC0-301F-11D3-BF4B-00C04F79EFBC}") = "Ejercicio_4", "Ejercicio_4\Ejercicio_4.csproj", "{E83A9894-EA0A-4727-83D1-F099374B1F91}"
EndProject
Global
	GlobalSection(SolutionConfigurationPlatforms) = preSolution
		Debug|Any CPU = Debug|Any CPU
		Release|Any CPU = Release|Any CPU
	EndGlobalSection
	GlobalSection(ProjectConfigurationPlatforms) = postSolution
		{E49763D1-165A-4760-87C9-B13E0C576B93}.Debug|Any CPU.ActiveCfg = Debug|Any CPU
		{E49763D1-165A-4760-87C9-B13E0C576B93}.Debug|Any CPU.Build.0 = Debug|Any CPU
		{E49763D1-165A-4760-87C9-B13E0C576B93}.Release|Any CPU.ActiveCfg = Release|Any CPU
		{E49763D1-165A-4760-87C9-B13E0C576B93}.Release|Any CPU.Build.0 = Release|Any CPU
		{934A8A7E-A25C-436C-A326-62F3EF1D9313}.Debug|Any CPU.ActiveCfg = Debug|Any CPU
		{934A8A7E-A25C-436C-A326-62F3EF1D9313}.Debug|Any CPU.Build.0 = Debug|Any CPU
		{934A8A7E-A25C-436C-A326-62F3EF1D9313}.Release|Any CPU.ActiveCfg = Release|Any CPU
		{934A8A7E-A25C-436C-A326-62F3EF1D9313}.Release|Any CPU.Build.0 = Release|Any CPU
		{DA4F1AC0-F0AE-496C-BCE9-29D0C4201E95}.Debug|Any CPU.ActiveCfg = Debug|Any CPU
		{DA4F1AC0-F0AE-496C-BCE9-29D0C4201E95}.Debug|Any CPU.Build.0 = Debug|Any CPU
		{DA4F1AC0-F0AE-496C-BCE9-29D0C4201E95}.Release|Any CPU.ActiveCfg = Release|Any CPU
		{DA4F1AC0-F0AE-496C-BCE9-29D0C4201E95}.Release|Any CPU.Build.0 = Release|Any CPU
		{E83A9894-EA0A-4727-83D1-F099374B1F91}.Debug|Any CPU.ActiveCfg = Debug|Any CPU
		{E83A9894-EA0A-4727-83D1-F099374B1F91}.Debug|Any CPU.Build.0 = Debug|Any CPU
		{E83A9894-EA0A-4727-83D1-F099374B1F91}.Release|Any CPU.ActiveCfg = Release|Any CPU
		{E83A9894-EA0A-4727-83D1-F099374B1F91}.Release|Any CPU.Build.0 = Release|Any CPU
	EndGlobalSection
	GlobalSection(SolutionProperties) = preSolution
		HideSolutionNode = FALSE
	EndGlobalSection
	GlobalSection(ExtensibilityGlobals) = postSolution
		SolutionGuid = {DA7D0876-D1FB-40EA-8DD8-92517EE1B965}
	EndGlobalSection
EndGlobal
